// !$*UTF8*$!
{
	archiveVersion = 1;
	classes = {
	};
	objectVersion = 48;
	objects = {

/* Begin PBXBuildFile section */
		62094F2421E5CA7C00C61778 /* SwipeTableViewController.swift in Sources */ = {isa = PBXBuildFile; fileRef = 62094F2321E5CA7C00C61778 /* SwipeTableViewController.swift */; };
		6226FF7121E337200090A5F6 /* Item.swift in Sources */ = {isa = PBXBuildFile; fileRef = 6226FF7021E337200090A5F6 /* Item.swift */; };
		6226FF7321E3372C0090A5F6 /* Category.swift in Sources */ = {isa = PBXBuildFile; fileRef = 6226FF7221E3372B0090A5F6 /* Category.swift */; };
		62DF6CAB21DC88CD00217934 /* AppDelegate.swift in Sources */ = {isa = PBXBuildFile; fileRef = 62DF6CAA21DC88CD00217934 /* AppDelegate.swift */; };
		62DF6CAD21DC88CD00217934 /* ToDoVC.swift in Sources */ = {isa = PBXBuildFile; fileRef = 62DF6CAC21DC88CD00217934 /* ToDoVC.swift */; };
		62DF6CB021DC88CD00217934 /* Main.storyboard in Resources */ = {isa = PBXBuildFile; fileRef = 62DF6CAE21DC88CD00217934 /* Main.storyboard */; };
		62DF6CB221DC88CD00217934 /* Assets.xcassets in Resources */ = {isa = PBXBuildFile; fileRef = 62DF6CB121DC88CD00217934 /* Assets.xcassets */; };
		62DF6CB521DC88CD00217934 /* LaunchScreen.storyboard in Resources */ = {isa = PBXBuildFile; fileRef = 62DF6CB321DC88CD00217934 /* LaunchScreen.storyboard */; };
		62DF6CE621E2076800217934 /* CategoryViewController.swift in Sources */ = {isa = PBXBuildFile; fileRef = 62DF6CE521E2076800217934 /* CategoryViewController.swift */; };
		A644A55D98829231FDF1B6AF /* Pods_ToDo.framework in Frameworks */ = {isa = PBXBuildFile; fileRef = 26AE11C07FD8E8B2630CD590 /* Pods_ToDo.framework */; settings = {ATTRIBUTES = (Required, ); }; };
/* End PBXBuildFile section */

/* Begin PBXFileReference section */
		1F53EC773308DBB56EB4773C /* Pods-ToDo.release.xcconfig */ = {isa = PBXFileReference; includeInIndex = 1; lastKnownFileType = text.xcconfig; name = "Pods-ToDo.release.xcconfig"; path = "Pods/Target Support Files/Pods-ToDo/Pods-ToDo.release.xcconfig"; sourceTree = "<group>"; };
		26AE11C07FD8E8B2630CD590 /* Pods_ToDo.framework */ = {isa = PBXFileReference; explicitFileType = wrapper.framework; includeInIndex = 0; path = Pods_ToDo.framework; sourceTree = BUILT_PRODUCTS_DIR; };
		62094F2321E5CA7C00C61778 /* SwipeTableViewController.swift */ = {isa = PBXFileReference; lastKnownFileType = sourcecode.swift; path = SwipeTableViewController.swift; sourceTree = "<group>"; };
		6226FF7021E337200090A5F6 /* Item.swift */ = {isa = PBXFileReference; lastKnownFileType = sourcecode.swift; path = Item.swift; sourceTree = "<group>"; };
		6226FF7221E3372B0090A5F6 /* Category.swift */ = {isa = PBXFileReference; lastKnownFileType = sourcecode.swift; path = Category.swift; sourceTree = "<group>"; };
		62DF6CA721DC88CD00217934 /* ToDo.app */ = {isa = PBXFileReference; explicitFileType = wrapper.application; includeInIndex = 0; path = ToDo.app; sourceTree = BUILT_PRODUCTS_DIR; };
		62DF6CAA21DC88CD00217934 /* AppDelegate.swift */ = {isa = PBXFileReference; lastKnownFileType = sourcecode.swift; path = AppDelegate.swift; sourceTree = "<group>"; };
		62DF6CAC21DC88CD00217934 /* ToDoVC.swift */ = {isa = PBXFileReference; lastKnownFileType = sourcecode.swift; path = ToDoVC.swift; sourceTree = "<group>"; };
		62DF6CAF21DC88CD00217934 /* Base */ = {isa = PBXFileReference; lastKnownFileType = file.storyboard; name = Base; path = Base.lproj/Main.storyboard; sourceTree = "<group>"; };
		62DF6CB121DC88CD00217934 /* Assets.xcassets */ = {isa = PBXFileReference; lastKnownFileType = folder.assetcatalog; path = Assets.xcassets; sourceTree = "<group>"; };
		62DF6CB421DC88CD00217934 /* Base */ = {isa = PBXFileReference; lastKnownFileType = file.storyboard; name = Base; path = Base.lproj/LaunchScreen.storyboard; sourceTree = "<group>"; };
		62DF6CB621DC88CD00217934 /* Info.plist */ = {isa = PBXFileReference; lastKnownFileType = text.plist.xml; path = Info.plist; sourceTree = "<group>"; };
		62DF6CE521E2076800217934 /* CategoryViewController.swift */ = {isa = PBXFileReference; lastKnownFileType = sourcecode.swift; path = CategoryViewController.swift; sourceTree = "<group>"; };
		CA3A871983FA59C0344FAD20 /* Pods-ToDo.debug.xcconfig */ = {isa = PBXFileReference; includeInIndex = 1; lastKnownFileType = text.xcconfig; name = "Pods-ToDo.debug.xcconfig"; path = "Pods/Target Support Files/Pods-ToDo/Pods-ToDo.debug.xcconfig"; sourceTree = "<group>"; };
/* End PBXFileReference section */

/* Begin PBXFrameworksBuildPhase section */
		62DF6CA421DC88CD00217934 /* Frameworks */ = {
			isa = PBXFrameworksBuildPhase;
			buildActionMask = 2147483647;
			files = (
				A644A55D98829231FDF1B6AF /* Pods_ToDo.framework in Frameworks */,
			);
			runOnlyForDeploymentPostprocessing = 0;
		};
/* End PBXFrameworksBuildPhase section */

/* Begin PBXGroup section */
		3C9901D576955951948CFA1A /* Pods */ = {
			isa = PBXGroup;
			children = (
				CA3A871983FA59C0344FAD20 /* Pods-ToDo.debug.xcconfig */,
				1F53EC773308DBB56EB4773C /* Pods-ToDo.release.xcconfig */,
			);
			name = Pods;
			sourceTree = "<group>";
		};
		6226FF6E21E336CE0090A5F6 /* DataModel */ = {
			isa = PBXGroup;
			children = (
				6226FF7021E337200090A5F6 /* Item.swift */,
				6226FF7221E3372B0090A5F6 /* Category.swift */,
			);
			path = DataModel;
			sourceTree = "<group>";
		};
		6226FF6F21E336E20090A5F6 /* Controleres */ = {
			isa = PBXGroup;
			children = (
				62DF6CAC21DC88CD00217934 /* ToDoVC.swift */,
				62DF6CE521E2076800217934 /* CategoryViewController.swift */,
				62094F2321E5CA7C00C61778 /* SwipeTableViewController.swift */,
			);
			path = Controleres;
			sourceTree = "<group>";
		};
		62DF6C9E21DC88CD00217934 = {
			isa = PBXGroup;
			children = (
				62DF6CA921DC88CD00217934 /* ToDo */,
				62DF6CA821DC88CD00217934 /* Products */,
				3C9901D576955951948CFA1A /* Pods */,
				A4ECE685C2F50B815919E9AD /* Frameworks */,
			);
			sourceTree = "<group>";
		};
		62DF6CA821DC88CD00217934 /* Products */ = {
			isa = PBXGroup;
			children = (
				62DF6CA721DC88CD00217934 /* ToDo.app */,
			);
			name = Products;
			sourceTree = "<group>";
		};
		62DF6CA921DC88CD00217934 /* ToDo */ = {
			isa = PBXGroup;
			children = (
				62DF6CAA21DC88CD00217934 /* AppDelegate.swift */,
				6226FF6E21E336CE0090A5F6 /* DataModel */,
				6226FF6F21E336E20090A5F6 /* Controleres */,
				62DF6CAE21DC88CD00217934 /* Main.storyboard */,
				62DF6CB121DC88CD00217934 /* Assets.xcassets */,
				62DF6CB321DC88CD00217934 /* LaunchScreen.storyboard */,
				62DF6CB621DC88CD00217934 /* Info.plist */,
			);
			path = ToDo;
			sourceTree = "<group>";
		};
		A4ECE685C2F50B815919E9AD /* Frameworks */ = {
			isa = PBXGroup;
			children = (
				26AE11C07FD8E8B2630CD590 /* Pods_ToDo.framework */,
			);
			name = Frameworks;
			sourceTree = "<group>";
		};
/* End PBXGroup section */

/* Begin PBXNativeTarget section */
		62DF6CA621DC88CD00217934 /* ToDo */ = {
			isa = PBXNativeTarget;
			buildConfigurationList = 62DF6CB921DC88CD00217934 /* Build configuration list for PBXNativeTarget "ToDo" */;
			buildPhases = (
				E360565ACC0B7CDCB1214EE3 /* [CP] Check Pods Manifest.lock */,
				62DF6CA321DC88CD00217934 /* Sources */,
				62DF6CA421DC88CD00217934 /* Frameworks */,
				62DF6CA521DC88CD00217934 /* Resources */,
				FEE979E4A8FB164EB1F21274 /* [CP] Embed Pods Frameworks */,
			);
			buildRules = (
			);
			dependencies = (
			);
			name = ToDo;
			productName = ToDo;
			productReference = 62DF6CA721DC88CD00217934 /* ToDo.app */;
			productType = "com.apple.product-type.application";
		};
/* End PBXNativeTarget section */

/* Begin PBXProject section */
		62DF6C9F21DC88CD00217934 /* Project object */ = {
			isa = PBXProject;
			attributes = {
				LastSwiftUpdateCheck = 0920;
				LastUpgradeCheck = 1010;
				ORGANIZATIONNAME = "Khawla Alsharqi";
				TargetAttributes = {
					62DF6CA621DC88CD00217934 = {
						CreatedOnToolsVersion = 9.2;
						ProvisioningStyle = Automatic;
					};
				};
			};
			buildConfigurationList = 62DF6CA221DC88CD00217934 /* Build configuration list for PBXProject "ToDo" */;
			compatibilityVersion = "Xcode 8.0";
			developmentRegion = en;
			hasScannedForEncodings = 0;
			knownRegions = (
				en,
				Base,
			);
			mainGroup = 62DF6C9E21DC88CD00217934;
			productRefGroup = 62DF6CA821DC88CD00217934 /* Products */;
			projectDirPath = "";
			projectRoot = "";
			targets = (
				62DF6CA621DC88CD00217934 /* ToDo */,
			);
		};
/* End PBXProject section */

/* Begin PBXResourcesBuildPhase section */
		62DF6CA521DC88CD00217934 /* Resources */ = {
			isa = PBXResourcesBuildPhase;
			buildActionMask = 2147483647;
			files = (
				62DF6CB521DC88CD00217934 /* LaunchScreen.storyboard in Resources */,
				62DF6CB221DC88CD00217934 /* Assets.xcassets in Resources */,
				62DF6CB021DC88CD00217934 /* Main.storyboard in Resources */,
			);
			runOnlyForDeploymentPostprocessing = 0;
		};
/* End PBXResourcesBuildPhase section */

/* Begin PBXShellScriptBuildPhase section */
		E360565ACC0B7CDCB1214EE3 /* [CP] Check Pods Manifest.lock */ = {
			isa = PBXShellScriptBuildPhase;
			buildActionMask = 2147483647;
			files = (
			);
			inputPaths = (
				"${PODS_PODFILE_DIR_PATH}/Podfile.lock",
				"${PODS_ROOT}/Manifest.lock",
			);
			name = "[CP] Check Pods Manifest.lock";
			outputPaths = (
				"$(DERIVED_FILE_DIR)/Pods-ToDo-checkManifestLockResult.txt",
			);
			runOnlyForDeploymentPostprocessing = 0;
			shellPath = /bin/sh;
			shellScript = "diff \"${PODS_PODFILE_DIR_PATH}/Podfile.lock\" \"${PODS_ROOT}/Manifest.lock\" > /dev/null\nif [ $? != 0 ] ; then\n    # print error to STDERR\n    echo \"error: The sandbox is not in sync with the Podfile.lock. Run 'pod install' or update your CocoaPods installation.\" >&2\n    exit 1\nfi\n# This output is used by Xcode 'outputs' to avoid re-running this script phase.\necho \"SUCCESS\" > \"${SCRIPT_OUTPUT_FILE_0}\"\n";
			showEnvVarsInLog = 0;
		};
		FEE979E4A8FB164EB1F21274 /* [CP] Embed Pods Frameworks */ = {
			isa = PBXShellScriptBuildPhase;
			buildActionMask = 2147483647;
			files = (
			);
			inputPaths = (
				"${SRCROOT}/Pods/Target Support Files/Pods-ToDo/Pods-ToDo-frameworks.sh",
				"${BUILT_PRODUCTS_DIR}/ChameleonFramework/ChameleonFramework.framework",
				"${BUILT_PRODUCTS_DIR}/Realm/Realm.framework",
				"${BUILT_PRODUCTS_DIR}/RealmSwift/RealmSwift.framework",
				"${BUILT_PRODUCTS_DIR}/SwipeCellKit/SwipeCellKit.framework",
			);
			name = "[CP] Embed Pods Frameworks";
			outputPaths = (
				"${TARGET_BUILD_DIR}/${FRAMEWORKS_FOLDER_PATH}/ChameleonFramework.framework",
				"${TARGET_BUILD_DIR}/${FRAMEWORKS_FOLDER_PATH}/Realm.framework",
				"${TARGET_BUILD_DIR}/${FRAMEWORKS_FOLDER_PATH}/RealmSwift.framework",
				"${TARGET_BUILD_DIR}/${FRAMEWORKS_FOLDER_PATH}/SwipeCellKit.framework",
			);
			runOnlyForDeploymentPostprocessing = 0;
			shellPath = /bin/sh;
			shellScript = "\"${SRCROOT}/Pods/Target Support Files/Pods-ToDo/Pods-ToDo-frameworks.sh\"\n";
			showEnvVarsInLog = 0;
		};
/* End PBXShellScriptBuildPhase section */

/* Begin PBXSourcesBuildPhase section */
		62DF6CA321DC88CD00217934 /* Sources */ = {
			isa = PBXSourcesBuildPhase;
			buildActionMask = 2147483647;
			files = (
				6226FF7121E337200090A5F6 /* Item.swift in Sources */,
				62DF6CE621E2076800217934 /* CategoryViewController.swift in Sources */,
				62DF6CAD21DC88CD00217934 /* ToDoVC.swift in Sources */,
				62DF6CAB21DC88CD00217934 /* AppDelegate.swift in Sources */,
				62094F2421E5CA7C00C61778 /* SwipeTableViewController.swift in Sources */,
				6226FF7321E3372C0090A5F6 /* Category.swift in Sources */,
			);
			runOnlyForDeploymentPostprocessing = 0;
		};
/* End PBXSourcesBuildPhase section */

/* Begin PBXVariantGroup section */
		62DF6CAE21DC88CD00217934 /* Main.storyboard */ = {
			isa = PBXVariantGroup;
			children = (
				62DF6CAF21DC88CD00217934 /* Base */,
			);
			name = Main.storyboard;
			sourceTree = "<group>";
		};
		62DF6CB321DC88CD00217934 /* LaunchScreen.storyboard */ = {
			isa = PBXVariantGroup;
			children = (
				62DF6CB421DC88CD00217934 /* Base */,
			);
			name = LaunchScreen.storyboard;
			sourceTree = "<group>";
		};
/* End PBXVariantGroup section */

/* Begin XCBuildConfiguration section */
		62DF6CB721DC88CD00217934 /* Debug */ = {
			isa = XCBuildConfiguration;
			buildSettings = {
				ALWAYS_SEARCH_USER_PATHS = NO;
				CLANG_ANALYZER_NONNULL = YES;
				CLANG_ANALYZER_NUMBER_OBJECT_CONVERSION = YES_AGGRESSIVE;
				CLANG_CXX_LANGUAGE_STANDARD = "gnu++14";
				CLANG_CXX_LIBRARY = "libc++";
				CLANG_ENABLE_MODULES = YES;
				CLANG_ENABLE_OBJC_ARC = YES;
				CLANG_WARN_BLOCK_CAPTURE_AUTORELEASING = YES;
				CLANG_WARN_BOOL_CONVERSION = YES;
				CLANG_WARN_COMMA = YES;
				CLANG_WARN_CONSTANT_CONVERSION = YES;
				CLANG_WARN_DEPRECATED_OBJC_IMPLEMENTATIONS = YES;
				CLANG_WARN_DIRECT_OBJC_ISA_USAGE = YES_ERROR;
				CLANG_WARN_DOCUMENTATION_COMMENTS = YES;
				CLANG_WARN_EMPTY_BODY = YES;
				CLANG_WARN_ENUM_CONVERSION = YES;
				CLANG_WARN_INFINITE_RECURSION = YES;
				CLANG_WARN_INT_CONVERSION = YES;
				CLANG_WARN_NON_LITERAL_NULL_CONVERSION = YES;
				CLANG_WARN_OBJC_IMPLICIT_RETAIN_SELF = YES;
				CLANG_WARN_OBJC_LITERAL_CONVERSION = YES;
				CLANG_WARN_OBJC_ROOT_CLASS = YES_ERROR;
				CLANG_WARN_RANGE_LOOP_ANALYSIS = YES;
				CLANG_WARN_STRICT_PROTOTYPES = YES;
				CLANG_WARN_SUSPICIOUS_MOVE = YES;
				CLANG_WARN_UNGUARDED_AVAILABILITY = YES_AGGRESSIVE;
				CLANG_WARN_UNREACHABLE_CODE = YES;
				CLANG_WARN__DUPLICATE_METHOD_MATCH = YES;
				CODE_SIGN_IDENTITY = "iPhone Developer";
				COPY_PHASE_STRIP = NO;
				DEBUG_INFORMATION_FORMAT = dwarf;
				ENABLE_STRICT_OBJC_MSGSEND = YES;
				ENABLE_TESTABILITY = YES;
				GCC_C_LANGUAGE_STANDARD = gnu11;
				GCC_DYNAMIC_NO_PIC = NO;
				GCC_NO_COMMON_BLOCKS = YES;
				GCC_OPTIMIZATION_LEVEL = 0;
				GCC_PREPROCESSOR_DEFINITIONS = (
					"DEBUG=1",
					"$(inherited)",
				);
				GCC_WARN_64_TO_32_BIT_CONVERSION = YES;
				GCC_WARN_ABOUT_RETURN_TYPE = YES_ERROR;
				GCC_WARN_UNDECLARED_SELECTOR = YES;
				GCC_WARN_UNINITIALIZED_AUTOS = YES_AGGRESSIVE;
				GCC_WARN_UNUSED_FUNCTION = YES;
				GCC_WARN_UNUSED_VARIABLE = YES;
				IPHONEOS_DEPLOYMENT_TARGET = 12.1;
				MTL_ENABLE_DEBUG_INFO = YES;
				ONLY_ACTIVE_ARCH = YES;
				SDKROOT = iphoneos;
				SWIFT_ACTIVE_COMPILATION_CONDITIONS = DEBUG;
				SWIFT_OPTIMIZATION_LEVEL = "-Onone";
			};
			name = Debug;
		};
		62DF6CB821DC88CD00217934 /* Release */ = {
			isa = XCBuildConfiguration;
			buildSettings = {
				ALWAYS_SEARCH_USER_PATHS = NO;
				CLANG_ANALYZER_NONNULL = YES;
				CLANG_ANALYZER_NUMBER_OBJECT_CONVERSION = YES_AGGRESSIVE;
				CLANG_CXX_LANGUAGE_STANDARD = "gnu++14";
				CLANG_CXX_LIBRARY = "libc++";
				CLANG_ENABLE_MODULES = YES;
				CLANG_ENABLE_OBJC_ARC = YES;
				CLANG_WARN_BLOCK_CAPTURE_AUTORELEASING = YES;
				CLANG_WARN_BOOL_CONVERSION = YES;
				CLANG_WARN_COMMA = YES;
				CLANG_WARN_CONSTANT_CONVERSION = YES;
				CLANG_WARN_DEPRECATED_OBJC_IMPLEMENTATIONS = YES;
				CLANG_WARN_DIRECT_OBJC_ISA_USAGE = YES_ERROR;
				CLANG_WARN_DOCUMENTATION_COMMENTS = YES;
				CLANG_WARN_EMPTY_BODY = YES;
				CLANG_WARN_ENUM_CONVERSION = YES;
				CLANG_WARN_INFINITE_RECURSION = YES;
				CLANG_WARN_INT_CONVERSION = YES;
				CLANG_WARN_NON_LITERAL_NULL_CONVERSION = YES;
				CLANG_WARN_OBJC_IMPLICIT_RETAIN_SELF = YES;
				CLANG_WARN_OBJC_LITERAL_CONVERSION = YES;
				CLANG_WARN_OBJC_ROOT_CLASS = YES_ERROR;
				CLANG_WARN_RANGE_LOOP_ANALYSIS = YES;
				CLANG_WARN_STRICT_PROTOTYPES = YES;
				CLANG_WARN_SUSPICIOUS_MOVE = YES;
				CLANG_WARN_UNGUARDED_AVAILABILITY = YES_AGGRESSIVE;
				CLANG_WARN_UNREACHABLE_CODE = YES;
				CLANG_WARN__DUPLICATE_METHOD_MATCH = YES;
				CODE_SIGN_IDENTITY = "iPhone Developer";
				COPY_PHASE_STRIP = NO;
				DEBUG_INFORMATION_FORMAT = "dwarf-with-dsym";
				ENABLE_NS_ASSERTIONS = NO;
				ENABLE_STRICT_OBJC_MSGSEND = YES;
				GCC_C_LANGUAGE_STANDARD = gnu11;
				GCC_NO_COMMON_BLOCKS = YES;
				GCC_WARN_64_TO_32_BIT_CONVERSION = YES;
				GCC_WARN_ABOUT_RETURN_TYPE = YES_ERROR;
				GCC_WARN_UNDECLARED_SELECTOR = YES;
				GCC_WARN_UNINITIALIZED_AUTOS = YES_AGGRESSIVE;
				GCC_WARN_UNUSED_FUNCTION = YES;
				GCC_WARN_UNUSED_VARIABLE = YES;
				IPHONEOS_DEPLOYMENT_TARGET = 12.1;
				MTL_ENABLE_DEBUG_INFO = NO;
				SDKROOT = iphoneos;
				SWIFT_OPTIMIZATION_LEVEL = "-Owholemodule";
				VALIDATE_PRODUCT = YES;
			};
			name = Release;
		};
		62DF6CBA21DC88CD00217934 /* Debug */ = {
			isa = XCBuildConfiguration;
			baseConfigurationReference = CA3A871983FA59C0344FAD20 /* Pods-ToDo.debug.xcconfig */;
			buildSettings = {
				ASSETCATALOG_COMPILER_APPICON_NAME = AppIcon;
				CODE_SIGN_STYLE = Automatic;
				DEVELOPMENT_TEAM = QF9H46SJ39;
				INFOPLIST_FILE = ToDo/Info.plist;
				LD_RUNPATH_SEARCH_PATHS = "$(inherited) @executable_path/Frameworks";
				PRODUCT_BUNDLE_IDENTIFIER = emirates.ClassesAndObjects.ToDo;
				PRODUCT_NAME = "$(TARGET_NAME)";
				SWIFT_VERSION = 4.0;
				TARGETED_DEVICE_FAMILY = "1,2";
			};
			name = Debug;
		};
		62DF6CBB21DC88CD00217934 /* Release */ = {
			isa = XCBuildConfiguration;
			baseConfigurationReference = 1F53EC773308DBB56EB4773C /* Pods-ToDo.release.xcconfig */;
			buildSettings = {
				ASSETCATALOG_COMPILER_APPICON_NAME = AppIcon;
				CODE_SIGN_STYLE = Automatic;
				DEVELOPMENT_TEAM = QF9H46SJ39;
				INFOPLIST_FILE = ToDo/Info.plist;
				LD_RUNPATH_SEARCH_PATHS = "$(inherited) @executable_path/Frameworks";
				PRODUCT_BUNDLE_IDENTIFIER = emirates.ClassesAndObjects.ToDo;
				PRODUCT_NAME = "$(TARGET_NAME)";
				SWIFT_VERSION = 4.0;
				TARGETED_DEVICE_FAMILY = "1,2";
			};
			name = Release;
		};
/* End XCBuildConfiguration section */

/* Begin XCConfigurationList section */
		62DF6CA221DC88CD00217934 /* Build configuration list for PBXProject "ToDo" */ = {
			isa = XCConfigurationList;
			buildConfigurations = (
				62DF6CB721DC88CD00217934 /* Debug */,
				62DF6CB821DC88CD00217934 /* Release */,
			);
			defaultConfigurationIsVisible = 0;
			defaultConfigurationName = Release;
		};
		62DF6CB921DC88CD00217934 /* Build configuration list for PBXNativeTarget "ToDo" */ = {
			isa = XCConfigurationList;
			buildConfigurations = (
				62DF6CBA21DC88CD00217934 /* Debug */,
				62DF6CBB21DC88CD00217934 /* Release */,
			);
			defaultConfigurationIsVisible = 0;
			defaultConfigurationName = Release;
		};
/* End XCConfigurationList section */
	};
	rootObject = 62DF6C9F21DC88CD00217934 /* Project object */;
}
